
Microsoft Visual Studio Solution File, Format Version 12.00
# Visual Studio Version 17
VisualStudioVersion = 17.7.34221.43
MinimumVisualStudioVersion = 10.0.40219.1
Project("{FAE04EC0-301F-11D3-BF4B-00C04F79EFBC}") = "DMCCSocket", "DMCCSocket\DMCCSocket.csproj", "{1A5DCDA0-790A-4DEE-B7D8-27315753C3EE}"
EndProject
Global
	GlobalSection(SolutionConfigurationPlatforms) = preSolution
		Debug|Any CPU = Debug|Any CPU
		Release|Any CPU = Release|Any CPU
	EndGlobalSection
	GlobalSection(ProjectConfigurationPlatforms) = postSolution
		{1A5DCDA0-790A-4DEE-B7D8-27315753C3EE}.Debug|Any CPU.ActiveCfg = Debug|Any CPU
		{1A5DCDA0-790A-4DEE-B7D8-27315753C3EE}.Debug|Any CPU.Build.0 = Debug|Any CPU
		{1A5DCDA0-790A-4DEE-B7D8-27315753C3EE}.Release|Any CPU.ActiveCfg = Release|Any CPU
		{1A5DCDA0-790A-4DEE-B7D8-27315753C3EE}.Release|Any CPU.Build.0 = Release|Any CPU
	EndGlobalSection
	GlobalSection(SolutionProperties) = preSolution
		HideSolutionNode = FALSE
	EndGlobalSection
	GlobalSection(ExtensibilityGlobals) = postSolution
		SolutionGuid = {70FD6398-D44B-475A-A1C1-69CFD0F17748}
	EndGlobalSection
EndGlobal
